
Microsoft Visual Studio Solution File, Format Version 12.00
# Visual Studio Version 16
VisualStudioVersion = 16.0.30717.126
MinimumVisualStudioVersion = 10.0.40219.1
Project("{FAE04EC0-301F-11D3-BF4B-00C04F79EFBC}") = "SchedulerUnitTests", "SchedulerUnitTests\SchedulerUnitTests.csproj", "{BA7A117D-4897-4D77-9008-0C90D7A4FA47}"
EndProject
Global
	GlobalSection(SolutionConfigurationPlatforms) = preSolution
		Debug|Any CPU = Debug|Any CPU
		Release|Any CPU = Release|Any CPU
	EndGlobalSection
	GlobalSection(ProjectConfigurationPlatforms) = postSolution
		{BA7A117D-4897-4D77-9008-0C90D7A4FA47}.Debug|Any CPU.ActiveCfg = Debug|Any CPU
		{BA7A117D-4897-4D77-9008-0C90D7A4FA47}.Debug|Any CPU.Build.0 = Debug|Any CPU
		{BA7A117D-4897-4D77-9008-0C90D7A4FA47}.Release|Any CPU.ActiveCfg = Release|Any CPU
		{BA7A117D-4897-4D77-9008-0C90D7A4FA47}.Release|Any CPU.Build.0 = Release|Any CPU
	EndGlobalSection
	GlobalSection(SolutionProperties) = preSolution
		HideSolutionNode = FALSE
	EndGlobalSection
	GlobalSection(ExtensibilityGlobals) = postSolution
		SolutionGuid = {49FB1E70-3B47-4F8B-96BB-581F5D314C2F}
	EndGlobalSection
EndGlobal
